
Microsoft Visual Studio Solution File, Format Version 12.00
# Visual Studio Version 17
VisualStudioVersion = 17.3.32922.545
MinimumVisualStudioVersion = 10.0.40219.1
Project("{9A19103F-16F7-4668-BE54-9A1E7A4F7556}") = "SrcdsConsoleRedirect", "SrcdsConsoleRedirect.csproj", "{28C40F52-007C-4309-8106-CFF08968327E}"
EndProject
Project("{FAE04EC0-301F-11D3-BF4B-00C04F79EFBC}") = "SrcdsConsoleRedirect.Demo", "..\SrcdsConsoleRedirect.Demo\SrcdsConsoleRedirect.Demo.csproj", "{1E320E19-5566-42ED-9E2E-6E3A97CFDD8C}"
EndProject
Global
	GlobalSection(SolutionConfigurationPlatforms) = preSolution
		Debug|Any CPU = Debug|Any CPU
		Release|Any CPU = Release|Any CPU
	EndGlobalSection
	GlobalSection(ProjectConfigurationPlatforms) = postSolution
		{28C40F52-007C-4309-8106-CFF08968327E}.Debug|Any CPU.ActiveCfg = Debug|Any CPU
		{28C40F52-007C-4309-8106-CFF08968327E}.Debug|Any CPU.Build.0 = Debug|Any CPU
		{28C40F52-007C-4309-8106-CFF08968327E}.Release|Any CPU.ActiveCfg = Release|Any CPU
		{28C40F52-007C-4309-8106-CFF08968327E}.Release|Any CPU.Build.0 = Release|Any CPU
		{1E320E19-5566-42ED-9E2E-6E3A97CFDD8C}.Debug|Any CPU.ActiveCfg = Debug|Any CPU
		{1E320E19-5566-42ED-9E2E-6E3A97CFDD8C}.Debug|Any CPU.Build.0 = Debug|Any CPU
		{1E320E19-5566-42ED-9E2E-6E3A97CFDD8C}.Release|Any CPU.ActiveCfg = Release|Any CPU
		{1E320E19-5566-42ED-9E2E-6E3A97CFDD8C}.Release|Any CPU.Build.0 = Release|Any CPU
	EndGlobalSection
	GlobalSection(SolutionProperties) = preSolution
		HideSolutionNode = FALSE
	EndGlobalSection
	GlobalSection(ExtensibilityGlobals) = postSolution
		SolutionGuid = {5829BDB7-737C-4909-8BA3-3FD356764CBE}
	EndGlobalSection
EndGlobal
